
Microsoft Visual Studio Solution File, Format Version 12.00
# Visual Studio 15
VisualStudioVersion = 15.0.28010.2046
MinimumVisualStudioVersion = 10.0.40219.1
Project("{FAE04EC0-301F-11D3-BF4B-00C04F79EFBC}") = "LazyElephant", "LazyElephant\LazyElephant.csproj", "{674E2CB2-E99A-4FFB-BBC3-C7E56581C8F9}"
EndProject
Project("{FAE04EC0-301F-11D3-BF4B-00C04F79EFBC}") = "LazyElephant.Tests", "LazyElephant.Tests\LazyElephant.Tests.csproj", "{5AA0BF4F-2F53-445D-959F-75CBF533E380}"
EndProject
Global
	GlobalSection(SolutionConfigurationPlatforms) = preSolution
		Debug|Any CPU = Debug|Any CPU
		Release|Any CPU = Release|Any CPU
	EndGlobalSection
	GlobalSection(ProjectConfigurationPlatforms) = postSolution
		{674E2CB2-E99A-4FFB-BBC3-C7E56581C8F9}.Debug|Any CPU.ActiveCfg = Debug|Any CPU
		{674E2CB2-E99A-4FFB-BBC3-C7E56581C8F9}.Debug|Any CPU.Build.0 = Debug|Any CPU
		{674E2CB2-E99A-4FFB-BBC3-C7E56581C8F9}.Release|Any CPU.ActiveCfg = Release|Any CPU
		{674E2CB2-E99A-4FFB-BBC3-C7E56581C8F9}.Release|Any CPU.Build.0 = Release|Any CPU
		{5AA0BF4F-2F53-445D-959F-75CBF533E380}.Debug|Any CPU.ActiveCfg = Debug|Any CPU
		{5AA0BF4F-2F53-445D-959F-75CBF533E380}.Debug|Any CPU.Build.0 = Debug|Any CPU
		{5AA0BF4F-2F53-445D-959F-75CBF533E380}.Release|Any CPU.ActiveCfg = Release|Any CPU
		{5AA0BF4F-2F53-445D-959F-75CBF533E380}.Release|Any CPU.Build.0 = Release|Any CPU
	EndGlobalSection
	GlobalSection(SolutionProperties) = preSolution
		HideSolutionNode = FALSE
	EndGlobalSection
	GlobalSection(ExtensibilityGlobals) = postSolution
		SolutionGuid = {0002968E-72A1-4CA9-AFC0-14E33714910B}
	EndGlobalSection
EndGlobal
